
Microsoft Visual Studio Solution File, Format Version 12.00
# Visual Studio Version 17
VisualStudioVersion = 17.2.32616.157
MinimumVisualStudioVersion = 10.0.40219.1
Project("{FAE04EC0-301F-11D3-BF4B-00C04F79EFBC}") = "ApiNext", "ApiNext\ApiNext.csproj", "{B4528D8B-C77C-40A6-8D99-9943DEE6014E}"
EndProject
Global
	GlobalSection(SolutionConfigurationPlatforms) = preSolution
		Debug|Any CPU = Debug|Any CPU
		Release|Any CPU = Release|Any CPU
	EndGlobalSection
	GlobalSection(ProjectConfigurationPlatforms) = postSolution
		{B4528D8B-C77C-40A6-8D99-9943DEE6014E}.Debug|Any CPU.ActiveCfg = Debug|Any CPU
		{B4528D8B-C77C-40A6-8D99-9943DEE6014E}.Debug|Any CPU.Build.0 = Debug|Any CPU
		{B4528D8B-C77C-40A6-8D99-9943DEE6014E}.Release|Any CPU.ActiveCfg = Release|Any CPU
		{B4528D8B-C77C-40A6-8D99-9943DEE6014E}.Release|Any CPU.Build.0 = Release|Any CPU
	EndGlobalSection
	GlobalSection(SolutionProperties) = preSolution
		HideSolutionNode = FALSE
	EndGlobalSection
	GlobalSection(ExtensibilityGlobals) = postSolution
		SolutionGuid = {0FAD4D0B-DFAC-4A43-A35B-FB435D88A893}
	EndGlobalSection
EndGlobal
